
Microsoft Visual Studio Solution File, Format Version 12.00
# Visual Studio Version 17
VisualStudioVersion = 17.6.33717.318
MinimumVisualStudioVersion = 10.0.40219.1
Project("{FAE04EC0-301F-11D3-BF4B-00C04F79EFBC}") = "R01 - 2024", "R01 - 2024.csproj", "{3E8471F1-140D-4402-AF8C-3629DF5BF07A}"
EndProject
Global
	GlobalSection(SolutionConfigurationPlatforms) = preSolution
		Debug|Any CPU = Debug|Any CPU
		Release|Any CPU = Release|Any CPU
	EndGlobalSection
	GlobalSection(ProjectConfigurationPlatforms) = postSolution
		{3E8471F1-140D-4402-AF8C-3629DF5BF07A}.Debug|Any CPU.ActiveCfg = Debug|Any CPU
		{3E8471F1-140D-4402-AF8C-3629DF5BF07A}.Debug|Any CPU.Build.0 = Debug|Any CPU
		{3E8471F1-140D-4402-AF8C-3629DF5BF07A}.Release|Any CPU.ActiveCfg = Release|Any CPU
		{3E8471F1-140D-4402-AF8C-3629DF5BF07A}.Release|Any CPU.Build.0 = Release|Any CPU
	EndGlobalSection
	GlobalSection(SolutionProperties) = preSolution
		HideSolutionNode = FALSE
	EndGlobalSection
	GlobalSection(ExtensibilityGlobals) = postSolution
		SolutionGuid = {4AB5B85E-180E-4043-8D27-914B4B0767B4}
	EndGlobalSection
EndGlobal
